
Microsoft Visual Studio Solution File, Format Version 12.00
# Visual Studio 15
VisualStudioVersion = 15.0.27428.2015
MinimumVisualStudioVersion = 10.0.40219.1
Project("{FAE04EC0-301F-11D3-BF4B-00C04F79EFBC}") = "LJTH.BusinessIndicators.Web", "Wanda.BusinessIndicators\LJTH.BusinessIndicators.Web.csproj", "{889E4F76-5EE8-49B4-AC1A-0C3029FBC080}"
	ProjectSection(ProjectDependencies) = postProject
		{06AB4A03-00CA-4F1E-9873-BB3738118324} = {06AB4A03-00CA-4F1E-9873-BB3738118324}
		{FCCAD333-B48E-4A04-AD3C-8CB4CA17EF28} = {FCCAD333-B48E-4A04-AD3C-8CB4CA17EF28}
		{65839F36-193A-41D1-9E79-38BC84984DE6} = {65839F36-193A-41D1-9E79-38BC84984DE6}
		{9E21A44D-17EB-44F4-A936-27B41CA565FE} = {9E21A44D-17EB-44F4-A936-27B41CA565FE}
		{AB142C57-A632-4958-9814-4F7C3EA9083A} = {AB142C57-A632-4958-9814-4F7C3EA9083A}
		{1D81E774-65E8-43FF-8F8E-486D28A56275} = {1D81E774-65E8-43FF-8F8E-486D28A56275}
		{8F011280-24E7-4EE5-8F81-737B7B887E3D} = {8F011280-24E7-4EE5-8F81-737B7B887E3D}
		{442C318F-9D99-4A3F-972E-33E8A8C8BE51} = {442C318F-9D99-4A3F-972E-33E8A8C8BE51}
		{87FB1ACA-96A4-4419-93B5-4B078873E8FB} = {87FB1ACA-96A4-4419-93B5-4B078873E8FB}
		{EFA26EF0-4BA9-4563-8D63-554E884F56B7} = {EFA26EF0-4BA9-4563-8D63-554E884F56B7}
	EndProjectSection
EndProject
Project("{2150E333-8FDC-42A3-9474-1A3956D46DE8}") = "1Framework", "1Framework", "{8F32234F-34D2-496C-8605-A725FF97E748}"
EndProject
Project("{2150E333-8FDC-42A3-9474-1A3956D46DE8}") = "2Lib", "2Lib", "{6DF85416-2D96-4C2F-BC5D-B5CF2AF66340}"
EndProject
Project("{2150E333-8FDC-42A3-9474-1A3956D46DE8}") = "3Test", "3Test", "{086843A8-9FF4-45B2-AC16-F83A3376F99E}"
EndProject
Project("{2150E333-8FDC-42A3-9474-1A3956D46DE8}") = "4WinApp", "4WinApp", "{72C2F21E-A9FA-45B4-A428-F5D877BF2B05}"
EndProject
Project("{2150E333-8FDC-42A3-9474-1A3956D46DE8}") = "5Web", "5Web", "{FB137B23-CB3D-4458-A142-A56B55D80822}"
EndProject
Project("{FAE04EC0-301F-11D3-BF4B-00C04F79EFBC}") = "LJTH.Lib.Core", "1Framework\Lib.Core\LJTH.Lib.Core.csproj", "{65839F36-193A-41D1-9E79-38BC84984DE6}"
EndProject
Project("{FAE04EC0-301F-11D3-BF4B-00C04F79EFBC}") = "LJTH.Lib.Data", "1Framework\Lib.Data\LJTH.Lib.Data.csproj", "{442C318F-9D99-4A3F-972E-33E8A8C8BE51}"
EndProject
Project("{FAE04EC0-301F-11D3-BF4B-00C04F79EFBC}") = "LJTH.Lib.Web", "1Framework\Lib.Web\LJTH.Lib.Web.csproj", "{9E21A44D-17EB-44F4-A936-27B41CA565FE}"
EndProject
Project("{FAE04EC0-301F-11D3-BF4B-00C04F79EFBC}") = "LJTH.Lib.AuthCenter", "1Framework\Lib.AuthCenter\LJTH.Lib.AuthCenter.csproj", "{FCCAD333-B48E-4A04-AD3C-8CB4CA17EF28}"
EndProject
Project("{FAE04EC0-301F-11D3-BF4B-00C04F79EFBC}") = "1DAL", "2Lib\DAL\1DAL.csproj", "{08A829AE-8AA2-4725-90A7-338BC68BF6B5}"
EndProject
Project("{FAE04EC0-301F-11D3-BF4B-00C04F79EFBC}") = "2BLL", "2Lib\BLL\2BLL.csproj", "{06AB4A03-00CA-4F1E-9873-BB3738118324}"
EndProject
Project("{FAE04EC0-301F-11D3-BF4B-00C04F79EFBC}") = "5AjaxHandler", "2Lib\AjaxHandler\5AjaxHandler.csproj", "{87FB1ACA-96A4-4419-93B5-4B078873E8FB}"
EndProject
Project("{FAE04EC0-301F-11D3-BF4B-00C04F79EFBC}") = "3Model", "2Lib\Model\3Model.csproj", "{EFA26EF0-4BA9-4563-8D63-554E884F56B7}"
EndProject
Project("{FAE04EC0-301F-11D3-BF4B-00C04F79EFBC}") = "4ViewModel", "2Lib\ViewModel\4ViewModel.csproj", "{AB142C57-A632-4958-9814-4F7C3EA9083A}"
EndProject
Project("{FAE04EC0-301F-11D3-BF4B-00C04F79EFBC}") = "7DataExport", "2Lib\DataExport\DataExport\7DataExport.csproj", "{B9764A83-71B0-4B28-916A-E400F3598699}"
EndProject
Project("{FAE04EC0-301F-11D3-BF4B-00C04F79EFBC}") = "9Common", "2Lib\Common\9Common.csproj", "{1D81E774-65E8-43FF-8F8E-486D28A56275}"
EndProject
Project("{FAE04EC0-301F-11D3-BF4B-00C04F79EFBC}") = "8Communication", "2Lib\Communication\8Communication.csproj", "{B08F5600-E1AC-4267-959C-E07103B19AFB}"
EndProject
Project("{FAE04EC0-301F-11D3-BF4B-00C04F79EFBC}") = "10Engine", "2Lib\Engine\10Engine.csproj", "{8F011280-24E7-4EE5-8F81-737B7B887E3D}"
EndProject
Project("{FAE04EC0-301F-11D3-BF4B-00C04F79EFBC}") = "Common.ScheduleService", "4WinApp\ScheduleService\Common.ScheduleService.csproj", "{866D421A-EBFF-4C27-830B-9447D64C52ED}"
EndProject
Project("{FAE04EC0-301F-11D3-BF4B-00C04F79EFBC}") = "ScheduleService.Handler", "4WinApp\ScheduleService.Handler\ScheduleService.Handler.csproj", "{88AD4D85-CCF2-4E57-B27A-4DF5A63301DC}"
EndProject
Project("{2150E333-8FDC-42A3-9474-1A3956D46DE8}") = "6Plugin", "6Plugin", "{6094C75B-B438-4F9A-88C5-1218604E4EE1}"
EndProject
Project("{FAE04EC0-301F-11D3-BF4B-00C04F79EFBC}") = "01.EmployeeTransfer", "6Plugin\01.EmploeeTransfer\01.EmployeeTransfer.csproj", "{85011D15-355E-4453-8104-7B42D279D3EB}"
EndProject
Project("{FAE04EC0-301F-11D3-BF4B-00C04F79EFBC}") = "04.SSO", "6Plugin\04.SSO\04.SSO.csproj", "{3BC18B77-1027-45B1-BAE9-396B6E14DE38}"
EndProject
Project("{E24C65DC-7377-472B-9ABA-BC803B73C61A}") = "demo", "demo\", "{92E0580F-5BB3-45A1-953A-B20056304C59}"
	ProjectSection(WebsiteProperties) = preProject
		TargetFrameworkMoniker = ".NETFramework,Version%3Dv4.0"
		Debug.AspNetCompiler.VirtualPath = "/localhost_11269"
		Debug.AspNetCompiler.PhysicalPath = "demo\"
		Debug.AspNetCompiler.TargetPath = "PrecompiledWeb\localhost_11269\"
		Debug.AspNetCompiler.Updateable = "true"
		Debug.AspNetCompiler.ForceOverwrite = "true"
		Debug.AspNetCompiler.FixedNames = "false"
		Debug.AspNetCompiler.Debug = "True"
		Release.AspNetCompiler.VirtualPath = "/localhost_11269"
		Release.AspNetCompiler.PhysicalPath = "demo\"
		Release.AspNetCompiler.TargetPath = "PrecompiledWeb\localhost_11269\"
		Release.AspNetCompiler.Updateable = "true"
		Release.AspNetCompiler.ForceOverwrite = "true"
		Release.AspNetCompiler.FixedNames = "false"
		Release.AspNetCompiler.Debug = "False"
		VWDPort = "11269"
		SlnRelativePath = "demo\"
	EndProjectSection
EndProject
Project("{FAE04EC0-301F-11D3-BF4B-00C04F79EFBC}") = "OAWebAPI", "6Plugin\OAWebAPI\OAWebAPI.csproj", "{55D3393C-6094-4FD8-9279-7E49CD41037F}"
EndProject
Project("{FAE04EC0-301F-11D3-BF4B-00C04F79EFBC}") = "BPF.Workflow.Client", "6Plugin\BPF.Workflow.Client\BPF.Workflow.Client.csproj", "{5BD5CC30-3BD6-4B83-AF1A-CF62E7F67297}"
EndProject
Project("{FAE04EC0-301F-11D3-BF4B-00C04F79EFBC}") = "BPF.Workflow.Object", "6Plugin\BPF.Workflow.Object\BPF.Workflow.Object.csproj", "{3B2BB7DB-894F-4604-B720-BE5F017F77B6}"
EndProject
Project("{FAE04EC0-301F-11D3-BF4B-00C04F79EFBC}") = "BPF.OAMQServices", "6Plugin\BPF.Workflow.OAService\BPF.OAMQServices.csproj", "{79327404-B607-495A-91DF-A58723644E69}"
EndProject
Global
	GlobalSection(SolutionConfigurationPlatforms) = preSolution
		Debug|Any CPU = Debug|Any CPU
		Debug|Mixed Platforms = Debug|Mixed Platforms
		Debug|x64 = Debug|x64
		Debug|x86 = Debug|x86
		Release|Any CPU = Release|Any CPU
		Release|Mixed Platforms = Release|Mixed Platforms
		Release|x64 = Release|x64
		Release|x86 = Release|x86
	EndGlobalSection
	GlobalSection(ProjectConfigurationPlatforms) = postSolution
		{889E4F76-5EE8-49B4-AC1A-0C3029FBC080}.Debug|Any CPU.ActiveCfg = Debug|Any CPU
		{889E4F76-5EE8-49B4-AC1A-0C3029FBC080}.Debug|Any CPU.Build.0 = Debug|Any CPU
		{889E4F76-5EE8-49B4-AC1A-0C3029FBC080}.Debug|Mixed Platforms.ActiveCfg = Debug|Any CPU
		{889E4F76-5EE8-49B4-AC1A-0C3029FBC080}.Debug|Mixed Platforms.Build.0 = Debug|Any CPU
		{889E4F76-5EE8-49B4-AC1A-0C3029FBC080}.Debug|x64.ActiveCfg = Debug|Any CPU
		{889E4F76-5EE8-49B4-AC1A-0C3029FBC080}.Debug|x64.Build.0 = Debug|Any CPU
		{889E4F76-5EE8-49B4-AC1A-0C3029FBC080}.Debug|x86.ActiveCfg = Debug|Any CPU
		{889E4F76-5EE8-49B4-AC1A-0C3029FBC080}.Release|Any CPU.ActiveCfg = Release|Any CPU
		{889E4F76-5EE8-49B4-AC1A-0C3029FBC080}.Release|Any CPU.Build.0 = Release|Any CPU
		{889E4F76-5EE8-49B4-AC1A-0C3029FBC080}.Release|Mixed Platforms.ActiveCfg = Release|Any CPU
		{889E4F76-5EE8-49B4-AC1A-0C3029FBC080}.Release|Mixed Platforms.Build.0 = Release|Any CPU
		{889E4F76-5EE8-49B4-AC1A-0C3029FBC080}.Release|x64.ActiveCfg = Release|Any CPU
		{889E4F76-5EE8-49B4-AC1A-0C3029FBC080}.Release|x64.Build.0 = Release|Any CPU
		{889E4F76-5EE8-49B4-AC1A-0C3029FBC080}.Release|x86.ActiveCfg = Release|Any CPU
		{65839F36-193A-41D1-9E79-38BC84984DE6}.Debug|Any CPU.ActiveCfg = Debug|Any CPU
		{65839F36-193A-41D1-9E79-38BC84984DE6}.Debug|Any CPU.Build.0 = Debug|Any CPU
		{65839F36-193A-41D1-9E79-38BC84984DE6}.Debug|Mixed Platforms.ActiveCfg = Debug|Any CPU
		{65839F36-193A-41D1-9E79-38BC84984DE6}.Debug|Mixed Platforms.Build.0 = Debug|Any CPU
		{65839F36-193A-41D1-9E79-38BC84984DE6}.Debug|x64.ActiveCfg = Debug|Any CPU
		{65839F36-193A-41D1-9E79-38BC84984DE6}.Debug|x64.Build.0 = Debug|Any CPU
		{65839F36-193A-41D1-9E79-38BC84984DE6}.Debug|x86.ActiveCfg = Debug|Any CPU
		{65839F36-193A-41D1-9E79-38BC84984DE6}.Release|Any CPU.ActiveCfg = Release|Any CPU
		{65839F36-193A-41D1-9E79-38BC84984DE6}.Release|Any CPU.Build.0 = Release|Any CPU
		{65839F36-193A-41D1-9E79-38BC84984DE6}.Release|Mixed Platforms.ActiveCfg = Release|Any CPU
		{65839F36-193A-41D1-9E79-38BC84984DE6}.Release|Mixed Platforms.Build.0 = Release|Any CPU
		{65839F36-193A-41D1-9E79-38BC84984DE6}.Release|x64.ActiveCfg = Release|Any CPU
		{65839F36-193A-41D1-9E79-38BC84984DE6}.Release|x64.Build.0 = Release|Any CPU
		{65839F36-193A-41D1-9E79-38BC84984DE6}.Release|x86.ActiveCfg = Release|Any CPU
		{442C318F-9D99-4A3F-972E-33E8A8C8BE51}.Debug|Any CPU.ActiveCfg = Debug|Any CPU
		{442C318F-9D99-4A3F-972E-33E8A8C8BE51}.Debug|Any CPU.Build.0 = Debug|Any CPU
		{442C318F-9D99-4A3F-972E-33E8A8C8BE51}.Debug|Mixed Platforms.ActiveCfg = Debug|Any CPU
		{442C318F-9D99-4A3F-972E-33E8A8C8BE51}.Debug|Mixed Platforms.Build.0 = Debug|Any CPU
		{442C318F-9D99-4A3F-972E-33E8A8C8BE51}.Debug|x64.ActiveCfg = Debug|Any CPU
		{442C318F-9D99-4A3F-972E-33E8A8C8BE51}.Debug|x64.Build.0 = Debug|Any CPU
		{442C318F-9D99-4A3F-972E-33E8A8C8BE51}.Debug|x86.ActiveCfg = Debug|Any CPU
		{442C318F-9D99-4A3F-972E-33E8A8C8BE51}.Release|Any CPU.ActiveCfg = Release|Any CPU
		{442C318F-9D99-4A3F-972E-33E8A8C8BE51}.Release|Any CPU.Build.0 = Release|Any CPU
		{442C318F-9D99-4A3F-972E-33E8A8C8BE51}.Release|Mixed Platforms.ActiveCfg = Release|Any CPU
		{442C318F-9D99-4A3F-972E-33E8A8C8BE51}.Release|Mixed Platforms.Build.0 = Release|Any CPU
		{442C318F-9D99-4A3F-972E-33E8A8C8BE51}.Release|x64.ActiveCfg = Release|Any CPU
		{442C318F-9D99-4A3F-972E-33E8A8C8BE51}.Release|x64.Build.0 = Release|Any CPU
		{442C318F-9D99-4A3F-972E-33E8A8C8BE51}.Release|x86.ActiveCfg = Release|Any CPU
		{9E21A44D-17EB-44F4-A936-27B41CA565FE}.Debug|Any CPU.ActiveCfg = Debug|Any CPU
		{9E21A44D-17EB-44F4-A936-27B41CA565FE}.Debug|Any CPU.Build.0 = Debug|Any CPU
		{9E21A44D-17EB-44F4-A936-27B41CA565FE}.Debug|Mixed Platforms.ActiveCfg = Debug|Any CPU
		{9E21A44D-17EB-44F4-A936-27B41CA565FE}.Debug|Mixed Platforms.Build.0 = Debug|Any CPU
		{9E21A44D-17EB-44F4-A936-27B41CA565FE}.Debug|x64.ActiveCfg = Debug|Any CPU
		{9E21A44D-17EB-44F4-A936-27B41CA565FE}.Debug|x64.Build.0 = Debug|Any CPU
		{9E21A44D-17EB-44F4-A936-27B41CA565FE}.Debug|x86.ActiveCfg = Debug|Any CPU
		{9E21A44D-17EB-44F4-A936-27B41CA565FE}.Release|Any CPU.ActiveCfg = Release|Any CPU
		{9E21A44D-17EB-44F4-A936-27B41CA565FE}.Release|Any CPU.Build.0 = Release|Any CPU
		{9E21A44D-17EB-44F4-A936-27B41CA565FE}.Release|Mixed Platforms.ActiveCfg = Release|Any CPU
		{9E21A44D-17EB-44F4-A936-27B41CA565FE}.Release|Mixed Platforms.Build.0 = Release|Any CPU
		{9E21A44D-17EB-44F4-A936-27B41CA565FE}.Release|x64.ActiveCfg = Release|Any CPU
		{9E21A44D-17EB-44F4-A936-27B41CA565FE}.Release|x64.Build.0 = Release|Any CPU
		{9E21A44D-17EB-44F4-A936-27B41CA565FE}.Release|x86.ActiveCfg = Release|Any CPU
		{FCCAD333-B48E-4A04-AD3C-8CB4CA17EF28}.Debug|Any CPU.ActiveCfg = Debug|Any CPU
		{FCCAD333-B48E-4A04-AD3C-8CB4CA17EF28}.Debug|Any CPU.Build.0 = Debug|Any CPU
		{FCCAD333-B48E-4A04-AD3C-8CB4CA17EF28}.Debug|Mixed Platforms.ActiveCfg = Debug|Any CPU
		{FCCAD333-B48E-4A04-AD3C-8CB4CA17EF28}.Debug|Mixed Platforms.Build.0 = Debug|Any CPU
		{FCCAD333-B48E-4A04-AD3C-8CB4CA17EF28}.Debug|x64.ActiveCfg = Debug|Any CPU
		{FCCAD333-B48E-4A04-AD3C-8CB4CA17EF28}.Debug|x64.Build.0 = Debug|Any CPU
		{FCCAD333-B48E-4A04-AD3C-8CB4CA17EF28}.Debug|x86.ActiveCfg = Debug|Any CPU
		{FCCAD333-B48E-4A04-AD3C-8CB4CA17EF28}.Release|Any CPU.ActiveCfg = Release|Any CPU
		{FCCAD333-B48E-4A04-AD3C-8CB4CA17EF28}.Release|Any CPU.Build.0 = Release|Any CPU
		{FCCAD333-B48E-4A04-AD3C-8CB4CA17EF28}.Release|Mixed Platforms.ActiveCfg = Release|Any CPU
		{FCCAD333-B48E-4A04-AD3C-8CB4CA17EF28}.Release|Mixed Platforms.Build.0 = Release|Any CPU
		{FCCAD333-B48E-4A04-AD3C-8CB4CA17EF28}.Release|x64.ActiveCfg = Release|Any CPU
		{FCCAD333-B48E-4A04-AD3C-8CB4CA17EF28}.Release|x64.Build.0 = Release|Any CPU
		{FCCAD333-B48E-4A04-AD3C-8CB4CA17EF28}.Release|x86.ActiveCfg = Release|Any CPU
		{08A829AE-8AA2-4725-90A7-338BC68BF6B5}.Debug|Any CPU.ActiveCfg = Debug|Any CPU
		{08A829AE-8AA2-4725-90A7-338BC68BF6B5}.Debug|Any CPU.Build.0 = Debug|Any CPU
		{08A829AE-8AA2-4725-90A7-338BC68BF6B5}.Debug|Mixed Platforms.ActiveCfg = Debug|Any CPU
		{08A829AE-8AA2-4725-90A7-338BC68BF6B5}.Debug|Mixed Platforms.Build.0 = Debug|Any CPU
		{08A829AE-8AA2-4725-90A7-338BC68BF6B5}.Debug|x64.ActiveCfg = Debug|Any CPU
		{08A829AE-8AA2-4725-90A7-338BC68BF6B5}.Debug|x64.Build.0 = Debug|Any CPU
		{08A829AE-8AA2-4725-90A7-338BC68BF6B5}.Debug|x86.ActiveCfg = Debug|Any CPU
		{08A829AE-8AA2-4725-90A7-338BC68BF6B5}.Release|Any CPU.ActiveCfg = Release|Any CPU
		{08A829AE-8AA2-4725-90A7-338BC68BF6B5}.Release|Any CPU.Build.0 = Release|Any CPU
		{08A829AE-8AA2-4725-90A7-338BC68BF6B5}.Release|Mixed Platforms.ActiveCfg = Release|Any CPU
		{08A829AE-8AA2-4725-90A7-338BC68BF6B5}.Release|Mixed Platforms.Build.0 = Release|Any CPU
		{08A829AE-8AA2-4725-90A7-338BC68BF6B5}.Release|x64.ActiveCfg = Release|Any CPU
		{08A829AE-8AA2-4725-90A7-338BC68BF6B5}.Release|x64.Build.0 = Release|Any CPU
		{08A829AE-8AA2-4725-90A7-338BC68BF6B5}.Release|x86.ActiveCfg = Release|Any CPU
		{06AB4A03-00CA-4F1E-9873-BB3738118324}.Debug|Any CPU.ActiveCfg = Debug|Any CPU
		{06AB4A03-00CA-4F1E-9873-BB3738118324}.Debug|Any CPU.Build.0 = Debug|Any CPU
		{06AB4A03-00CA-4F1E-9873-BB3738118324}.Debug|Mixed Platforms.ActiveCfg = Debug|Any CPU
		{06AB4A03-00CA-4F1E-9873-BB3738118324}.Debug|Mixed Platforms.Build.0 = Debug|Any CPU
		{06AB4A03-00CA-4F1E-9873-BB3738118324}.Debug|x64.ActiveCfg = Debug|Any CPU
		{06AB4A03-00CA-4F1E-9873-BB3738118324}.Debug|x64.Build.0 = Debug|Any CPU
		{06AB4A03-00CA-4F1E-9873-BB3738118324}.Debug|x86.ActiveCfg = Debug|Any CPU
		{06AB4A03-00CA-4F1E-9873-BB3738118324}.Release|Any CPU.ActiveCfg = Release|Any CPU
		{06AB4A03-00CA-4F1E-9873-BB3738118324}.Release|Any CPU.Build.0 = Release|Any CPU
		{06AB4A03-00CA-4F1E-9873-BB3738118324}.Release|Mixed Platforms.ActiveCfg = Release|Any CPU
		{06AB4A03-00CA-4F1E-9873-BB3738118324}.Release|Mixed Platforms.Build.0 = Release|Any CPU
		{06AB4A03-00CA-4F1E-9873-BB3738118324}.Release|x64.ActiveCfg = Release|Any CPU
		{06AB4A03-00CA-4F1E-9873-BB3738118324}.Release|x64.Build.0 = Release|Any CPU
		{06AB4A03-00CA-4F1E-9873-BB3738118324}.Release|x86.ActiveCfg = Release|Any CPU
		{87FB1ACA-96A4-4419-93B5-4B078873E8FB}.Debug|Any CPU.ActiveCfg = Debug|Any CPU
		{87FB1ACA-96A4-4419-93B5-4B078873E8FB}.Debug|Any CPU.Build.0 = Debug|Any CPU
		{87FB1ACA-96A4-4419-93B5-4B078873E8FB}.Debug|Mixed Platforms.ActiveCfg = Debug|Any CPU
		{87FB1ACA-96A4-4419-93B5-4B078873E8FB}.Debug|Mixed Platforms.Build.0 = Debug|Any CPU
		{87FB1ACA-96A4-4419-93B5-4B078873E8FB}.Debug|x64.ActiveCfg = Debug|Any CPU
		{87FB1ACA-96A4-4419-93B5-4B078873E8FB}.Debug|x64.Build.0 = Debug|Any CPU
		{87FB1ACA-96A4-4419-93B5-4B078873E8FB}.Debug|x86.ActiveCfg = Debug|Any CPU
		{87FB1ACA-96A4-4419-93B5-4B078873E8FB}.Release|Any CPU.ActiveCfg = Release|Any CPU
		{87FB1ACA-96A4-4419-93B5-4B078873E8FB}.Release|Any CPU.Build.0 = Release|Any CPU
		{87FB1ACA-96A4-4419-93B5-4B078873E8FB}.Release|Mixed Platforms.ActiveCfg = Release|Any CPU
		{87FB1ACA-96A4-4419-93B5-4B078873E8FB}.Release|Mixed Platforms.Build.0 = Release|Any CPU
		{87FB1ACA-96A4-4419-93B5-4B078873E8FB}.Release|x64.ActiveCfg = Release|Any CPU
		{87FB1ACA-96A4-4419-93B5-4B078873E8FB}.Release|x64.Build.0 = Release|Any CPU
		{87FB1ACA-96A4-4419-93B5-4B078873E8FB}.Release|x86.ActiveCfg = Release|Any CPU
		{EFA26EF0-4BA9-4563-8D63-554E884F56B7}.Debug|Any CPU.ActiveCfg = Debug|Any CPU
		{EFA26EF0-4BA9-4563-8D63-554E884F56B7}.Debug|Any CPU.Build.0 = Debug|Any CPU
		{EFA26EF0-4BA9-4563-8D63-554E884F56B7}.Debug|Mixed Platforms.ActiveCfg = Debug|Any CPU
		{EFA26EF0-4BA9-4563-8D63-554E884F56B7}.Debug|Mixed Platforms.Build.0 = Debug|Any CPU
		{EFA26EF0-4BA9-4563-8D63-554E884F56B7}.Debug|x64.ActiveCfg = Debug|Any CPU
		{EFA26EF0-4BA9-4563-8D63-554E884F56B7}.Debug|x64.Build.0 = Debug|Any CPU
		{EFA26EF0-4BA9-4563-8D63-554E884F56B7}.Debug|x86.ActiveCfg = Debug|Any CPU
		{EFA26EF0-4BA9-4563-8D63-554E884F56B7}.Release|Any CPU.ActiveCfg = Release|Any CPU
		{EFA26EF0-4BA9-4563-8D63-554E884F56B7}.Release|Any CPU.Build.0 = Release|Any CPU
		{EFA26EF0-4BA9-4563-8D63-554E884F56B7}.Release|Mixed Platforms.ActiveCfg = Release|Any CPU
		{EFA26EF0-4BA9-4563-8D63-554E884F56B7}.Release|Mixed Platforms.Build.0 = Release|Any CPU
		{EFA26EF0-4BA9-4563-8D63-554E884F56B7}.Release|x64.ActiveCfg = Release|Any CPU
		{EFA26EF0-4BA9-4563-8D63-554E884F56B7}.Release|x64.Build.0 = Release|Any CPU
		{EFA26EF0-4BA9-4563-8D63-554E884F56B7}.Release|x86.ActiveCfg = Release|Any CPU
		{AB142C57-A632-4958-9814-4F7C3EA9083A}.Debug|Any CPU.ActiveCfg = Debug|Any CPU
		{AB142C57-A632-4958-9814-4F7C3EA9083A}.Debug|Any CPU.Build.0 = Debug|Any CPU
		{AB142C57-A632-4958-9814-4F7C3EA9083A}.Debug|Mixed Platforms.ActiveCfg = Debug|Any CPU
		{AB142C57-A632-4958-9814-4F7C3EA9083A}.Debug|Mixed Platforms.Build.0 = Debug|Any CPU
		{AB142C57-A632-4958-9814-4F7C3EA9083A}.Debug|x64.ActiveCfg = Debug|Any CPU
		{AB142C57-A632-4958-9814-4F7C3EA9083A}.Debug|x64.Build.0 = Debug|Any CPU
		{AB142C57-A632-4958-9814-4F7C3EA9083A}.Debug|x86.ActiveCfg = Debug|Any CPU
		{AB142C57-A632-4958-9814-4F7C3EA9083A}.Release|Any CPU.ActiveCfg = Release|Any CPU
		{AB142C57-A632-4958-9814-4F7C3EA9083A}.Release|Any CPU.Build.0 = Release|Any CPU
		{AB142C57-A632-4958-9814-4F7C3EA9083A}.Release|Mixed Platforms.ActiveCfg = Release|Any CPU
		{AB142C57-A632-4958-9814-4F7C3EA9083A}.Release|Mixed Platforms.Build.0 = Release|Any CPU
		{AB142C57-A632-4958-9814-4F7C3EA9083A}.Release|x64.ActiveCfg = Release|Any CPU
		{AB142C57-A632-4958-9814-4F7C3EA9083A}.Release|x64.Build.0 = Release|Any CPU
		{AB142C57-A632-4958-9814-4F7C3EA9083A}.Release|x86.ActiveCfg = Release|Any CPU
		{B9764A83-71B0-4B28-916A-E400F3598699}.Debug|Any CPU.ActiveCfg = Debug|Any CPU
		{B9764A83-71B0-4B28-916A-E400F3598699}.Debug|Any CPU.Build.0 = Debug|Any CPU
		{B9764A83-71B0-4B28-916A-E400F3598699}.Debug|Mixed Platforms.ActiveCfg = Debug|Any CPU
		{B9764A83-71B0-4B28-916A-E400F3598699}.Debug|Mixed Platforms.Build.0 = Debug|Any CPU
		{B9764A83-71B0-4B28-916A-E400F3598699}.Debug|x64.ActiveCfg = Debug|Any CPU
		{B9764A83-71B0-4B28-916A-E400F3598699}.Debug|x64.Build.0 = Debug|Any CPU
		{B9764A83-71B0-4B28-916A-E400F3598699}.Debug|x86.ActiveCfg = Debug|Any CPU
		{B9764A83-71B0-4B28-916A-E400F3598699}.Release|Any CPU.ActiveCfg = Release|Any CPU
		{B9764A83-71B0-4B28-916A-E400F3598699}.Release|Any CPU.Build.0 = Release|Any CPU
		{B9764A83-71B0-4B28-916A-E400F3598699}.Release|Mixed Platforms.ActiveCfg = Release|Any CPU
		{B9764A83-71B0-4B28-916A-E400F3598699}.Release|Mixed Platforms.Build.0 = Release|Any CPU
		{B9764A83-71B0-4B28-916A-E400F3598699}.Release|x64.ActiveCfg = Release|Any CPU
		{B9764A83-71B0-4B28-916A-E400F3598699}.Release|x64.Build.0 = Release|Any CPU
		{B9764A83-71B0-4B28-916A-E400F3598699}.Release|x86.ActiveCfg = Release|Any CPU
		{1D81E774-65E8-43FF-8F8E-486D28A56275}.Debug|Any CPU.ActiveCfg = Debug|Any CPU
		{1D81E774-65E8-43FF-8F8E-486D28A56275}.Debug|Any CPU.Build.0 = Debug|Any CPU
		{1D81E774-65E8-43FF-8F8E-486D28A56275}.Debug|Mixed Platforms.ActiveCfg = Debug|Any CPU
		{1D81E774-65E8-43FF-8F8E-486D28A56275}.Debug|Mixed Platforms.Build.0 = Debug|Any CPU
		{1D81E774-65E8-43FF-8F8E-486D28A56275}.Debug|x64.ActiveCfg = Debug|Any CPU
		{1D81E774-65E8-43FF-8F8E-486D28A56275}.Debug|x64.Build.0 = Debug|Any CPU
		{1D81E774-65E8-43FF-8F8E-486D28A56275}.Debug|x86.ActiveCfg = Debug|Any CPU
		{1D81E774-65E8-43FF-8F8E-486D28A56275}.Release|Any CPU.ActiveCfg = Release|Any CPU
		{1D81E774-65E8-43FF-8F8E-486D28A56275}.Release|Any CPU.Build.0 = Release|Any CPU
		{1D81E774-65E8-43FF-8F8E-486D28A56275}.Release|Mixed Platforms.ActiveCfg = Release|Any CPU
		{1D81E774-65E8-43FF-8F8E-486D28A56275}.Release|Mixed Platforms.Build.0 = Release|Any CPU
		{1D81E774-65E8-43FF-8F8E-486D28A56275}.Release|x64.ActiveCfg = Release|Any CPU
		{1D81E774-65E8-43FF-8F8E-486D28A56275}.Release|x64.Build.0 = Release|Any CPU
		{1D81E774-65E8-43FF-8F8E-486D28A56275}.Release|x86.ActiveCfg = Release|Any CPU
		{B08F5600-E1AC-4267-959C-E07103B19AFB}.Debug|Any CPU.ActiveCfg = Debug|Any CPU
		{B08F5600-E1AC-4267-959C-E07103B19AFB}.Debug|Any CPU.Build.0 = Debug|Any CPU
		{B08F5600-E1AC-4267-959C-E07103B19AFB}.Debug|Mixed Platforms.ActiveCfg = Debug|Any CPU
		{B08F5600-E1AC-4267-959C-E07103B19AFB}.Debug|Mixed Platforms.Build.0 = Debug|Any CPU
		{B08F5600-E1AC-4267-959C-E07103B19AFB}.Debug|x64.ActiveCfg = Debug|Any CPU
		{B08F5600-E1AC-4267-959C-E07103B19AFB}.Debug|x64.Build.0 = Debug|Any CPU
		{B08F5600-E1AC-4267-959C-E07103B19AFB}.Debug|x86.ActiveCfg = Debug|Any CPU
		{B08F5600-E1AC-4267-959C-E07103B19AFB}.Release|Any CPU.ActiveCfg = Release|Any CPU
		{B08F5600-E1AC-4267-959C-E07103B19AFB}.Release|Any CPU.Build.0 = Release|Any CPU
		{B08F5600-E1AC-4267-959C-E07103B19AFB}.Release|Mixed Platforms.ActiveCfg = Release|Any CPU
		{B08F5600-E1AC-4267-959C-E07103B19AFB}.Release|Mixed Platforms.Build.0 = Release|Any CPU
		{B08F5600-E1AC-4267-959C-E07103B19AFB}.Release|x64.ActiveCfg = Release|Any CPU
		{B08F5600-E1AC-4267-959C-E07103B19AFB}.Release|x64.Build.0 = Release|Any CPU
		{B08F5600-E1AC-4267-959C-E07103B19AFB}.Release|x86.ActiveCfg = Release|Any CPU
		{8F011280-24E7-4EE5-8F81-737B7B887E3D}.Debug|Any CPU.ActiveCfg = Debug|Any CPU
		{8F011280-24E7-4EE5-8F81-737B7B887E3D}.Debug|Any CPU.Build.0 = Debug|Any CPU
		{8F011280-24E7-4EE5-8F81-737B7B887E3D}.Debug|Mixed Platforms.ActiveCfg = Debug|Any CPU
		{8F011280-24E7-4EE5-8F81-737B7B887E3D}.Debug|Mixed Platforms.Build.0 = Debug|Any CPU
		{8F011280-24E7-4EE5-8F81-737B7B887E3D}.Debug|x64.ActiveCfg = Debug|Any CPU
		{8F011280-24E7-4EE5-8F81-737B7B887E3D}.Debug|x64.Build.0 = Debug|Any CPU
		{8F011280-24E7-4EE5-8F81-737B7B887E3D}.Debug|x86.ActiveCfg = Debug|Any CPU
		{8F011280-24E7-4EE5-8F81-737B7B887E3D}.Release|Any CPU.ActiveCfg = Release|Any CPU
		{8F011280-24E7-4EE5-8F81-737B7B887E3D}.Release|Any CPU.Build.0 = Release|Any CPU
		{8F011280-24E7-4EE5-8F81-737B7B887E3D}.Release|Mixed Platforms.ActiveCfg = Release|Any CPU
		{8F011280-24E7-4EE5-8F81-737B7B887E3D}.Release|Mixed Platforms.Build.0 = Release|Any CPU
		{8F011280-24E7-4EE5-8F81-737B7B887E3D}.Release|x64.ActiveCfg = Release|Any CPU
		{8F011280-24E7-4EE5-8F81-737B7B887E3D}.Release|x64.Build.0 = Release|Any CPU
		{8F011280-24E7-4EE5-8F81-737B7B887E3D}.Release|x86.ActiveCfg = Release|Any CPU
		{866D421A-EBFF-4C27-830B-9447D64C52ED}.Debug|Any CPU.ActiveCfg = Debug|Any CPU
		{866D421A-EBFF-4C27-830B-9447D64C52ED}.Debug|Any CPU.Build.0 = Debug|Any CPU
		{866D421A-EBFF-4C27-830B-9447D64C52ED}.Debug|Mixed Platforms.ActiveCfg = Debug|Any CPU
		{866D421A-EBFF-4C27-830B-9447D64C52ED}.Debug|Mixed Platforms.Build.0 = Debug|Any CPU
		{866D421A-EBFF-4C27-830B-9447D64C52ED}.Debug|x64.ActiveCfg = Debug|Any CPU
		{866D421A-EBFF-4C27-830B-9447D64C52ED}.Debug|x64.Build.0 = Debug|Any CPU
		{866D421A-EBFF-4C27-830B-9447D64C52ED}.Debug|x86.ActiveCfg = Debug|Any CPU
		{866D421A-EBFF-4C27-830B-9447D64C52ED}.Release|Any CPU.ActiveCfg = Release|Any CPU
		{866D421A-EBFF-4C27-830B-9447D64C52ED}.Release|Any CPU.Build.0 = Release|Any CPU
		{866D421A-EBFF-4C27-830B-9447D64C52ED}.Release|Mixed Platforms.ActiveCfg = Release|Any CPU
		{866D421A-EBFF-4C27-830B-9447D64C52ED}.Release|Mixed Platforms.Build.0 = Release|Any CPU
		{866D421A-EBFF-4C27-830B-9447D64C52ED}.Release|x64.ActiveCfg = Release|Any CPU
		{866D421A-EBFF-4C27-830B-9447D64C52ED}.Release|x64.Build.0 = Release|Any CPU
		{866D421A-EBFF-4C27-830B-9447D64C52ED}.Release|x86.ActiveCfg = Release|Any CPU
		{88AD4D85-CCF2-4E57-B27A-4DF5A63301DC}.Debug|Any CPU.ActiveCfg = Debug|Any CPU
		{88AD4D85-CCF2-4E57-B27A-4DF5A63301DC}.Debug|Any CPU.Build.0 = Debug|Any CPU
		{88AD4D85-CCF2-4E57-B27A-4DF5A63301DC}.Debug|Mixed Platforms.ActiveCfg = Debug|Any CPU
		{88AD4D85-CCF2-4E57-B27A-4DF5A63301DC}.Debug|Mixed Platforms.Build.0 = Debug|Any CPU
		{88AD4D85-CCF2-4E57-B27A-4DF5A63301DC}.Debug|x64.ActiveCfg = Debug|Any CPU
		{88AD4D85-CCF2-4E57-B27A-4DF5A63301DC}.Debug|x64.Build.0 = Debug|Any CPU
		{88AD4D85-CCF2-4E57-B27A-4DF5A63301DC}.Debug|x86.ActiveCfg = Debug|Any CPU
		{88AD4D85-CCF2-4E57-B27A-4DF5A63301DC}.Release|Any CPU.ActiveCfg = Release|Any CPU
		{88AD4D85-CCF2-4E57-B27A-4DF5A63301DC}.Release|Any CPU.Build.0 = Release|Any CPU
		{88AD4D85-CCF2-4E57-B27A-4DF5A63301DC}.Release|Mixed Platforms.ActiveCfg = Release|Any CPU
		{88AD4D85-CCF2-4E57-B27A-4DF5A63301DC}.Release|Mixed Platforms.Build.0 = Release|Any CPU
		{88AD4D85-CCF2-4E57-B27A-4DF5A63301DC}.Release|x64.ActiveCfg = Release|Any CPU
		{88AD4D85-CCF2-4E57-B27A-4DF5A63301DC}.Release|x64.Build.0 = Release|Any CPU
		{88AD4D85-CCF2-4E57-B27A-4DF5A63301DC}.Release|x86.ActiveCfg = Release|Any CPU
		{85011D15-355E-4453-8104-7B42D279D3EB}.Debug|Any CPU.ActiveCfg = Debug|Any CPU
		{85011D15-355E-4453-8104-7B42D279D3EB}.Debug|Any CPU.Build.0 = Debug|Any CPU
		{85011D15-355E-4453-8104-7B42D279D3EB}.Debug|Mixed Platforms.ActiveCfg = Debug|Any CPU
		{85011D15-355E-4453-8104-7B42D279D3EB}.Debug|Mixed Platforms.Build.0 = Debug|Any CPU
		{85011D15-355E-4453-8104-7B42D279D3EB}.Debug|x64.ActiveCfg = Debug|x64
		{85011D15-355E-4453-8104-7B42D279D3EB}.Debug|x64.Build.0 = Debug|x64
		{85011D15-355E-4453-8104-7B42D279D3EB}.Debug|x86.ActiveCfg = Debug|Any CPU
		{85011D15-355E-4453-8104-7B42D279D3EB}.Debug|x86.Build.0 = Debug|Any CPU
		{85011D15-355E-4453-8104-7B42D279D3EB}.Release|Any CPU.ActiveCfg = Release|Any CPU
		{85011D15-355E-4453-8104-7B42D279D3EB}.Release|Any CPU.Build.0 = Release|Any CPU
		{85011D15-355E-4453-8104-7B42D279D3EB}.Release|Mixed Platforms.ActiveCfg = Release|Any CPU
		{85011D15-355E-4453-8104-7B42D279D3EB}.Release|Mixed Platforms.Build.0 = Release|Any CPU
		{85011D15-355E-4453-8104-7B42D279D3EB}.Release|x64.ActiveCfg = Release|x64
		{85011D15-355E-4453-8104-7B42D279D3EB}.Release|x64.Build.0 = Release|x64
		{85011D15-355E-4453-8104-7B42D279D3EB}.Release|x86.ActiveCfg = Release|Any CPU
		{85011D15-355E-4453-8104-7B42D279D3EB}.Release|x86.Build.0 = Release|Any CPU
		{3BC18B77-1027-45B1-BAE9-396B6E14DE38}.Debug|Any CPU.ActiveCfg = Debug|Any CPU
		{3BC18B77-1027-45B1-BAE9-396B6E14DE38}.Debug|Any CPU.Build.0 = Debug|Any CPU
		{3BC18B77-1027-45B1-BAE9-396B6E14DE38}.Debug|Mixed Platforms.ActiveCfg = Debug|Any CPU
		{3BC18B77-1027-45B1-BAE9-396B6E14DE38}.Debug|Mixed Platforms.Build.0 = Debug|Any CPU
		{3BC18B77-1027-45B1-BAE9-396B6E14DE38}.Debug|x64.ActiveCfg = Debug|Any CPU
		{3BC18B77-1027-45B1-BAE9-396B6E14DE38}.Debug|x64.Build.0 = Debug|Any CPU
		{3BC18B77-1027-45B1-BAE9-396B6E14DE38}.Debug|x86.ActiveCfg = Debug|Any CPU
		{3BC18B77-1027-45B1-BAE9-396B6E14DE38}.Debug|x86.Build.0 = Debug|Any CPU
		{3BC18B77-1027-45B1-BAE9-396B6E14DE38}.Release|Any CPU.ActiveCfg = Release|Any CPU
		{3BC18B77-1027-45B1-BAE9-396B6E14DE38}.Release|Any CPU.Build.0 = Release|Any CPU
		{3BC18B77-1027-45B1-BAE9-396B6E14DE38}.Release|Mixed Platforms.ActiveCfg = Release|Any CPU
		{3BC18B77-1027-45B1-BAE9-396B6E14DE38}.Release|Mixed Platforms.Build.0 = Release|Any CPU
		{3BC18B77-1027-45B1-BAE9-396B6E14DE38}.Release|x64.ActiveCfg = Release|Any CPU
		{3BC18B77-1027-45B1-BAE9-396B6E14DE38}.Release|x64.Build.0 = Release|Any CPU
		{3BC18B77-1027-45B1-BAE9-396B6E14DE38}.Release|x86.ActiveCfg = Release|Any CPU
		{3BC18B77-1027-45B1-BAE9-396B6E14DE38}.Release|x86.Build.0 = Release|Any CPU
		{92E0580F-5BB3-45A1-953A-B20056304C59}.Debug|Any CPU.ActiveCfg = Debug|Any CPU
		{92E0580F-5BB3-45A1-953A-B20056304C59}.Debug|Any CPU.Build.0 = Debug|Any CPU
		{92E0580F-5BB3-45A1-953A-B20056304C59}.Debug|Mixed Platforms.ActiveCfg = Debug|Any CPU
		{92E0580F-5BB3-45A1-953A-B20056304C59}.Debug|Mixed Platforms.Build.0 = Debug|Any CPU
		{92E0580F-5BB3-45A1-953A-B20056304C59}.Debug|x64.ActiveCfg = Debug|Any CPU
		{92E0580F-5BB3-45A1-953A-B20056304C59}.Debug|x64.Build.0 = Debug|Any CPU
		{92E0580F-5BB3-45A1-953A-B20056304C59}.Debug|x86.ActiveCfg = Debug|Any CPU
		{92E0580F-5BB3-45A1-953A-B20056304C59}.Debug|x86.Build.0 = Debug|Any CPU
		{92E0580F-5BB3-45A1-953A-B20056304C59}.Release|Any CPU.ActiveCfg = Debug|Any CPU
		{92E0580F-5BB3-45A1-953A-B20056304C59}.Release|Any CPU.Build.0 = Debug|Any CPU
		{92E0580F-5BB3-45A1-953A-B20056304C59}.Release|Mixed Platforms.ActiveCfg = Debug|Any CPU
		{92E0580F-5BB3-45A1-953A-B20056304C59}.Release|Mixed Platforms.Build.0 = Debug|Any CPU
		{92E0580F-5BB3-45A1-953A-B20056304C59}.Release|x64.ActiveCfg = Debug|Any CPU
		{92E0580F-5BB3-45A1-953A-B20056304C59}.Release|x64.Build.0 = Debug|Any CPU
		{92E0580F-5BB3-45A1-953A-B20056304C59}.Release|x86.ActiveCfg = Debug|Any CPU
		{92E0580F-5BB3-45A1-953A-B20056304C59}.Release|x86.Build.0 = Debug|Any CPU
		{55D3393C-6094-4FD8-9279-7E49CD41037F}.Debug|Any CPU.ActiveCfg = Debug|Any CPU
		{55D3393C-6094-4FD8-9279-7E49CD41037F}.Debug|Any CPU.Build.0 = Debug|Any CPU
		{55D3393C-6094-4FD8-9279-7E49CD41037F}.Debug|Mixed Platforms.ActiveCfg = Debug|Any CPU
		{55D3393C-6094-4FD8-9279-7E49CD41037F}.Debug|Mixed Platforms.Build.0 = Debug|Any CPU
		{55D3393C-6094-4FD8-9279-7E49CD41037F}.Debug|x64.ActiveCfg = Debug|Any CPU
		{55D3393C-6094-4FD8-9279-7E49CD41037F}.Debug|x64.Build.0 = Debug|Any CPU
		{55D3393C-6094-4FD8-9279-7E49CD41037F}.Debug|x86.ActiveCfg = Debug|Any CPU
		{55D3393C-6094-4FD8-9279-7E49CD41037F}.Debug|x86.Build.0 = Debug|Any CPU
		{55D3393C-6094-4FD8-9279-7E49CD41037F}.Release|Any CPU.ActiveCfg = Release|Any CPU
		{55D3393C-6094-4FD8-9279-7E49CD41037F}.Release|Any CPU.Build.0 = Release|Any CPU
		{55D3393C-6094-4FD8-9279-7E49CD41037F}.Release|Mixed Platforms.ActiveCfg = Release|Any CPU
		{55D3393C-6094-4FD8-9279-7E49CD41037F}.Release|Mixed Platforms.Build.0 = Release|Any CPU
		{55D3393C-6094-4FD8-9279-7E49CD41037F}.Release|x64.ActiveCfg = Release|Any CPU
		{55D3393C-6094-4FD8-9279-7E49CD41037F}.Release|x64.Build.0 = Release|Any CPU
		{55D3393C-6094-4FD8-9279-7E49CD41037F}.Release|x86.ActiveCfg = Release|Any CPU
		{55D3393C-6094-4FD8-9279-7E49CD41037F}.Release|x86.Build.0 = Release|Any CPU
		{5BD5CC30-3BD6-4B83-AF1A-CF62E7F67297}.Debug|Any CPU.ActiveCfg = Debug|Any CPU
		{5BD5CC30-3BD6-4B83-AF1A-CF62E7F67297}.Debug|Any CPU.Build.0 = Debug|Any CPU
		{5BD5CC30-3BD6-4B83-AF1A-CF62E7F67297}.Debug|Mixed Platforms.ActiveCfg = Debug|Any CPU
		{5BD5CC30-3BD6-4B83-AF1A-CF62E7F67297}.Debug|Mixed Platforms.Build.0 = Debug|Any CPU
		{5BD5CC30-3BD6-4B83-AF1A-CF62E7F67297}.Debug|x64.ActiveCfg = Debug|Any CPU
		{5BD5CC30-3BD6-4B83-AF1A-CF62E7F67297}.Debug|x64.Build.0 = Debug|Any CPU
		{5BD5CC30-3BD6-4B83-AF1A-CF62E7F67297}.Debug|x86.ActiveCfg = Debug|Any CPU
		{5BD5CC30-3BD6-4B83-AF1A-CF62E7F67297}.Debug|x86.Build.0 = Debug|Any CPU
		{5BD5CC30-3BD6-4B83-AF1A-CF62E7F67297}.Release|Any CPU.ActiveCfg = Release|Any CPU
		{5BD5CC30-3BD6-4B83-AF1A-CF62E7F67297}.Release|Any CPU.Build.0 = Release|Any CPU
		{5BD5CC30-3BD6-4B83-AF1A-CF62E7F67297}.Release|Mixed Platforms.ActiveCfg = Release|Any CPU
		{5BD5CC30-3BD6-4B83-AF1A-CF62E7F67297}.Release|Mixed Platforms.Build.0 = Release|Any CPU
		{5BD5CC30-3BD6-4B83-AF1A-CF62E7F67297}.Release|x64.ActiveCfg = Release|Any CPU
		{5BD5CC30-3BD6-4B83-AF1A-CF62E7F67297}.Release|x64.Build.0 = Release|Any CPU
		{5BD5CC30-3BD6-4B83-AF1A-CF62E7F67297}.Release|x86.ActiveCfg = Release|Any CPU
		{5BD5CC30-3BD6-4B83-AF1A-CF62E7F67297}.Release|x86.Build.0 = Release|Any CPU
		{3B2BB7DB-894F-4604-B720-BE5F017F77B6}.Debug|Any CPU.ActiveCfg = Debug|Any CPU
		{3B2BB7DB-894F-4604-B720-BE5F017F77B6}.Debug|Any CPU.Build.0 = Debug|Any CPU
		{3B2BB7DB-894F-4604-B720-BE5F017F77B6}.Debug|Mixed Platforms.ActiveCfg = Debug|Any CPU
		{3B2BB7DB-894F-4604-B720-BE5F017F77B6}.Debug|Mixed Platforms.Build.0 = Debug|Any CPU
		{3B2BB7DB-894F-4604-B720-BE5F017F77B6}.Debug|x64.ActiveCfg = Debug|Any CPU
		{3B2BB7DB-894F-4604-B720-BE5F017F77B6}.Debug|x64.Build.0 = Debug|Any CPU
		{3B2BB7DB-894F-4604-B720-BE5F017F77B6}.Debug|x86.ActiveCfg = Debug|Any CPU
		{3B2BB7DB-894F-4604-B720-BE5F017F77B6}.Debug|x86.Build.0 = Debug|Any CPU
		{3B2BB7DB-894F-4604-B720-BE5F017F77B6}.Release|Any CPU.ActiveCfg = Release|Any CPU
		{3B2BB7DB-894F-4604-B720-BE5F017F77B6}.Release|Any CPU.Build.0 = Release|Any CPU
		{3B2BB7DB-894F-4604-B720-BE5F017F77B6}.Release|Mixed Platforms.ActiveCfg = Release|Any CPU
		{3B2BB7DB-894F-4604-B720-BE5F017F77B6}.Release|Mixed Platforms.Build.0 = Release|Any CPU
		{3B2BB7DB-894F-4604-B720-BE5F017F77B6}.Release|x64.ActiveCfg = Release|Any CPU
		{3B2BB7DB-894F-4604-B720-BE5F017F77B6}.Release|x64.Build.0 = Release|Any CPU
		{3B2BB7DB-894F-4604-B720-BE5F017F77B6}.Release|x86.ActiveCfg = Release|Any CPU
		{3B2BB7DB-894F-4604-B720-BE5F017F77B6}.Release|x86.Build.0 = Release|Any CPU
		{79327404-B607-495A-91DF-A58723644E69}.Debug|Any CPU.ActiveCfg = Debug|x86
		{79327404-B607-495A-91DF-A58723644E69}.Debug|Mixed Platforms.ActiveCfg = Debug|x86
		{79327404-B607-495A-91DF-A58723644E69}.Debug|Mixed Platforms.Build.0 = Debug|x86
		{79327404-B607-495A-91DF-A58723644E69}.Debug|x64.ActiveCfg = Debug|x86
		{79327404-B607-495A-91DF-A58723644E69}.Debug|x86.ActiveCfg = Debug|x86
		{79327404-B607-495A-91DF-A58723644E69}.Debug|x86.Build.0 = Debug|x86
		{79327404-B607-495A-91DF-A58723644E69}.Release|Any CPU.ActiveCfg = Release|x86
		{79327404-B607-495A-91DF-A58723644E69}.Release|Mixed Platforms.ActiveCfg = Release|x86
		{79327404-B607-495A-91DF-A58723644E69}.Release|Mixed Platforms.Build.0 = Release|x86
		{79327404-B607-495A-91DF-A58723644E69}.Release|x64.ActiveCfg = Release|x86
		{79327404-B607-495A-91DF-A58723644E69}.Release|x86.ActiveCfg = Release|x86
		{79327404-B607-495A-91DF-A58723644E69}.Release|x86.Build.0 = Release|x86
	EndGlobalSection
	GlobalSection(SolutionProperties) = preSolution
		HideSolutionNode = FALSE
	EndGlobalSection
	GlobalSection(NestedProjects) = preSolution
		{889E4F76-5EE8-49B4-AC1A-0C3029FBC080} = {FB137B23-CB3D-4458-A142-A56B55D80822}
		{65839F36-193A-41D1-9E79-38BC84984DE6} = {8F32234F-34D2-496C-8605-A725FF97E748}
		{442C318F-9D99-4A3F-972E-33E8A8C8BE51} = {8F32234F-34D2-496C-8605-A725FF97E748}
		{9E21A44D-17EB-44F4-A936-27B41CA565FE} = {8F32234F-34D2-496C-8605-A725FF97E748}
		{FCCAD333-B48E-4A04-AD3C-8CB4CA17EF28} = {8F32234F-34D2-496C-8605-A725FF97E748}
		{08A829AE-8AA2-4725-90A7-338BC68BF6B5} = {6DF85416-2D96-4C2F-BC5D-B5CF2AF66340}
		{06AB4A03-00CA-4F1E-9873-BB3738118324} = {6DF85416-2D96-4C2F-BC5D-B5CF2AF66340}
		{87FB1ACA-96A4-4419-93B5-4B078873E8FB} = {6DF85416-2D96-4C2F-BC5D-B5CF2AF66340}
		{EFA26EF0-4BA9-4563-8D63-554E884F56B7} = {6DF85416-2D96-4C2F-BC5D-B5CF2AF66340}
		{AB142C57-A632-4958-9814-4F7C3EA9083A} = {6DF85416-2D96-4C2F-BC5D-B5CF2AF66340}
		{B9764A83-71B0-4B28-916A-E400F3598699} = {6DF85416-2D96-4C2F-BC5D-B5CF2AF66340}
		{1D81E774-65E8-43FF-8F8E-486D28A56275} = {6DF85416-2D96-4C2F-BC5D-B5CF2AF66340}
		{B08F5600-E1AC-4267-959C-E07103B19AFB} = {6DF85416-2D96-4C2F-BC5D-B5CF2AF66340}
		{8F011280-24E7-4EE5-8F81-737B7B887E3D} = {6DF85416-2D96-4C2F-BC5D-B5CF2AF66340}
		{866D421A-EBFF-4C27-830B-9447D64C52ED} = {72C2F21E-A9FA-45B4-A428-F5D877BF2B05}
		{88AD4D85-CCF2-4E57-B27A-4DF5A63301DC} = {72C2F21E-A9FA-45B4-A428-F5D877BF2B05}
		{85011D15-355E-4453-8104-7B42D279D3EB} = {6094C75B-B438-4F9A-88C5-1218604E4EE1}
		{3BC18B77-1027-45B1-BAE9-396B6E14DE38} = {6094C75B-B438-4F9A-88C5-1218604E4EE1}
		{92E0580F-5BB3-45A1-953A-B20056304C59} = {FB137B23-CB3D-4458-A142-A56B55D80822}
		{55D3393C-6094-4FD8-9279-7E49CD41037F} = {6094C75B-B438-4F9A-88C5-1218604E4EE1}
		{5BD5CC30-3BD6-4B83-AF1A-CF62E7F67297} = {6094C75B-B438-4F9A-88C5-1218604E4EE1}
		{3B2BB7DB-894F-4604-B720-BE5F017F77B6} = {6094C75B-B438-4F9A-88C5-1218604E4EE1}
		{79327404-B607-495A-91DF-A58723644E69} = {6094C75B-B438-4F9A-88C5-1218604E4EE1}
	EndGlobalSection
	GlobalSection(ExtensibilityGlobals) = postSolution
		SolutionGuid = {ABD300D2-4D16-4C56-8A2E-53B76030CCB6}
	EndGlobalSection
EndGlobal
